// !$*UTF8*$!
{
	archiveVersion = 1;
	classes = {
	};
	objectVersion = 50;
	objects = {

/* Begin PBXBuildFile section */
		0D748A497DB0EAE9FBA712CC /* Pods_Image_Cropper.framework in Frameworks */ = {isa = PBXBuildFile; fileRef = 9FCF946D2BFF461BEA320DA5 /* Pods_Image_Cropper.framework */; };
		841979FB2460603B0086BB75 /* AppDelegate.swift in Sources */ = {isa = PBXBuildFile; fileRef = 841979FA2460603B0086BB75 /* AppDelegate.swift */; };
		841979FD2460603B0086BB75 /* SceneDelegate.swift in Sources */ = {isa = PBXBuildFile; fileRef = 841979FC2460603B0086BB75 /* SceneDelegate.swift */; };
		841979FF2460603B0086BB75 /* ViewController.swift in Sources */ = {isa = PBXBuildFile; fileRef = 841979FE2460603B0086BB75 /* ViewController.swift */; };
		84197A022460603B0086BB75 /* Main.storyboard in Resources */ = {isa = PBXBuildFile; fileRef = 84197A002460603B0086BB75 /* Main.storyboard */; };
		84197A052460603B0086BB75 /* Image_Cropper.xcdatamodeld in Sources */ = {isa = PBXBuildFile; fileRef = 84197A032460603B0086BB75 /* Image_Cropper.xcdatamodeld */; };
		84197A072460603C0086BB75 /* Assets.xcassets in Resources */ = {isa = PBXBuildFile; fileRef = 84197A062460603C0086BB75 /* Assets.xcassets */; };
		84197A0A2460603C0086BB75 /* LaunchScreen.storyboard in Resources */ = {isa = PBXBuildFile; fileRef = 84197A082460603C0086BB75 /* LaunchScreen.storyboard */; };
		84197A152460603C0086BB75 /* Image_CropperTests.swift in Sources */ = {isa = PBXBuildFile; fileRef = 84197A142460603C0086BB75 /* Image_CropperTests.swift */; };
		84197A202460603C0086BB75 /* Image_CropperUITests.swift in Sources */ = {isa = PBXBuildFile; fileRef = 84197A1F2460603C0086BB75 /* Image_CropperUITests.swift */; };
		A96EAF7C65797041BB0A5FE1 /* Pods_Image_Cropper_Image_CropperUITests.framework in Frameworks */ = {isa = PBXBuildFile; fileRef = 2FB7171424F64E82A6EF668D /* Pods_Image_Cropper_Image_CropperUITests.framework */; };
		F0D06662D9586BFD82E873B6 /* Pods_Image_CropperTests.framework in Frameworks */ = {isa = PBXBuildFile; fileRef = DB4278336539B9E9C530B21D /* Pods_Image_CropperTests.framework */; };
/* End PBXBuildFile section */

/* Begin PBXContainerItemProxy section */
		84197A112460603C0086BB75 /* PBXContainerItemProxy */ = {
			isa = PBXContainerItemProxy;
			containerPortal = 841979EF2460603B0086BB75 /* Project object */;
			proxyType = 1;
			remoteGlobalIDString = 841979F62460603B0086BB75;
			remoteInfo = "Image Cropper";
		};
		84197A1C2460603C0086BB75 /* PBXContainerItemProxy */ = {
			isa = PBXContainerItemProxy;
			containerPortal = 841979EF2460603B0086BB75 /* Project object */;
			proxyType = 1;
			remoteGlobalIDString = 841979F62460603B0086BB75;
			remoteInfo = "Image Cropper";
		};
/* End PBXContainerItemProxy section */

/* Begin PBXFileReference section */
		20AA9C27B406D7CDF6702174 /* Pods-Image Cropper-Image CropperUITests.debug.xcconfig */ = {isa = PBXFileReference; includeInIndex = 1; lastKnownFileType = text.xcconfig; name = "Pods-Image Cropper-Image CropperUITests.debug.xcconfig"; path = "Target Support Files/Pods-Image Cropper-Image CropperUITests/Pods-Image Cropper-Image CropperUITests.debug.xcconfig"; sourceTree = "<group>"; };
		210CBCB876468C62A3432C5E /* Pods-Image Cropper.release.xcconfig */ = {isa = PBXFileReference; includeInIndex = 1; lastKnownFileType = text.xcconfig; name = "Pods-Image Cropper.release.xcconfig"; path = "Target Support Files/Pods-Image Cropper/Pods-Image Cropper.release.xcconfig"; sourceTree = "<group>"; };
		2FB7171424F64E82A6EF668D /* Pods_Image_Cropper_Image_CropperUITests.framework */ = {isa = PBXFileReference; explicitFileType = wrapper.framework; includeInIndex = 0; path = Pods_Image_Cropper_Image_CropperUITests.framework; sourceTree = BUILT_PRODUCTS_DIR; };
		32B413E128F11607A7DA6F66 /* Pods-Image CropperTests.release.xcconfig */ = {isa = PBXFileReference; includeInIndex = 1; lastKnownFileType = text.xcconfig; name = "Pods-Image CropperTests.release.xcconfig"; path = "Target Support Files/Pods-Image CropperTests/Pods-Image CropperTests.release.xcconfig"; sourceTree = "<group>"; };
		476C3E7F10B1619A3043678E /* Pods-Image Cropper-Image CropperUITests.release.xcconfig */ = {isa = PBXFileReference; includeInIndex = 1; lastKnownFileType = text.xcconfig; name = "Pods-Image Cropper-Image CropperUITests.release.xcconfig"; path = "Target Support Files/Pods-Image Cropper-Image CropperUITests/Pods-Image Cropper-Image CropperUITests.release.xcconfig"; sourceTree = "<group>"; };
		841979F72460603B0086BB75 /* Image Cropper.app */ = {isa = PBXFileReference; explicitFileType = wrapper.application; includeInIndex = 0; path = "Image Cropper.app"; sourceTree = BUILT_PRODUCTS_DIR; };
		841979FA2460603B0086BB75 /* AppDelegate.swift */ = {isa = PBXFileReference; lastKnownFileType = sourcecode.swift; path = AppDelegate.swift; sourceTree = "<group>"; };
		841979FC2460603B0086BB75 /* SceneDelegate.swift */ = {isa = PBXFileReference; lastKnownFileType = sourcecode.swift; path = SceneDelegate.swift; sourceTree = "<group>"; };
		841979FE2460603B0086BB75 /* ViewController.swift */ = {isa = PBXFileReference; lastKnownFileType = sourcecode.swift; path = ViewController.swift; sourceTree = "<group>"; };
		84197A012460603B0086BB75 /* Base */ = {isa = PBXFileReference; lastKnownFileType = file.storyboard; name = Base; path = Base.lproj/Main.storyboard; sourceTree = "<group>"; };
		84197A042460603B0086BB75 /* Image_Cropper.xcdatamodel */ = {isa = PBXFileReference; lastKnownFileType = wrapper.xcdatamodel; path = Image_Cropper.xcdatamodel; sourceTree = "<group>"; };
		84197A062460603C0086BB75 /* Assets.xcassets */ = {isa = PBXFileReference; lastKnownFileType = folder.assetcatalog; path = Assets.xcassets; sourceTree = "<group>"; };
		84197A092460603C0086BB75 /* Base */ = {isa = PBXFileReference; lastKnownFileType = file.storyboard; name = Base; path = Base.lproj/LaunchScreen.storyboard; sourceTree = "<group>"; };
		84197A0B2460603C0086BB75 /* Info.plist */ = {isa = PBXFileReference; lastKnownFileType = text.plist.xml; path = Info.plist; sourceTree = "<group>"; };
		84197A102460603C0086BB75 /* Image CropperTests.xctest */ = {isa = PBXFileReference; explicitFileType = wrapper.cfbundle; includeInIndex = 0; path = "Image CropperTests.xctest"; sourceTree = BUILT_PRODUCTS_DIR; };
		84197A142460603C0086BB75 /* Image_CropperTests.swift */ = {isa = PBXFileReference; lastKnownFileType = sourcecode.swift; path = Image_CropperTests.swift; sourceTree = "<group>"; };
		84197A162460603C0086BB75 /* Info.plist */ = {isa = PBXFileReference; lastKnownFileType = text.plist.xml; path = Info.plist; sourceTree = "<group>"; };
		84197A1B2460603C0086BB75 /* Image CropperUITests.xctest */ = {isa = PBXFileReference; explicitFileType = wrapper.cfbundle; includeInIndex = 0; path = "Image CropperUITests.xctest"; sourceTree = BUILT_PRODUCTS_DIR; };
		84197A1F2460603C0086BB75 /* Image_CropperUITests.swift */ = {isa = PBXFileReference; lastKnownFileType = sourcecode.swift; path = Image_CropperUITests.swift; sourceTree = "<group>"; };
		84197A212460603C0086BB75 /* Info.plist */ = {isa = PBXFileReference; lastKnownFileType = text.plist.xml; path = Info.plist; sourceTree = "<group>"; };
		9FCF946D2BFF461BEA320DA5 /* Pods_Image_Cropper.framework */ = {isa = PBXFileReference; explicitFileType = wrapper.framework; includeInIndex = 0; path = Pods_Image_Cropper.framework; sourceTree = BUILT_PRODUCTS_DIR; };
		DB4278336539B9E9C530B21D /* Pods_Image_CropperTests.framework */ = {isa = PBXFileReference; explicitFileType = wrapper.framework; includeInIndex = 0; path = Pods_Image_CropperTests.framework; sourceTree = BUILT_PRODUCTS_DIR; };
		E403BD5BE8C9DDD50F47E388 /* Pods-Image CropperTests.debug.xcconfig */ = {isa = PBXFileReference; includeInIndex = 1; lastKnownFileType = text.xcconfig; name = "Pods-Image CropperTests.debug.xcconfig"; path = "Target Support Files/Pods-Image CropperTests/Pods-Image CropperTests.debug.xcconfig"; sourceTree = "<group>"; };
		EE3C2665C3C0E6789404FE53 /* Pods-Image Cropper.debug.xcconfig */ = {isa = PBXFileReference; includeInIndex = 1; lastKnownFileType = text.xcconfig; name = "Pods-Image Cropper.debug.xcconfig"; path = "Target Support Files/Pods-Image Cropper/Pods-Image Cropper.debug.xcconfig"; sourceTree = "<group>"; };
/* End PBXFileReference section */

/* Begin PBXFrameworksBuildPhase section */
		841979F42460603B0086BB75 /* Frameworks */ = {
			isa = PBXFrameworksBuildPhase;
			buildActionMask = 2147483647;
			files = (
				0D748A497DB0EAE9FBA712CC /* Pods_Image_Cropper.framework in Frameworks */,
			);
			runOnlyForDeploymentPostprocessing = 0;
		};
		84197A0D2460603C0086BB75 /* Frameworks */ = {
			isa = PBXFrameworksBuildPhase;
			buildActionMask = 2147483647;
			files = (
				F0D06662D9586BFD82E873B6 /* Pods_Image_CropperTests.framework in Frameworks */,
			);
			runOnlyForDeploymentPostprocessing = 0;
		};
		84197A182460603C0086BB75 /* Frameworks */ = {
			isa = PBXFrameworksBuildPhase;
			buildActionMask = 2147483647;
			files = (
				A96EAF7C65797041BB0A5FE1 /* Pods_Image_Cropper_Image_CropperUITests.framework in Frameworks */,
			);
			runOnlyForDeploymentPostprocessing = 0;
		};
/* End PBXFrameworksBuildPhase section */

/* Begin PBXGroup section */
		3C4E31E0F2071F33DF2847B0 /* Frameworks */ = {
			isa = PBXGroup;
			children = (
				9FCF946D2BFF461BEA320DA5 /* Pods_Image_Cropper.framework */,
				2FB7171424F64E82A6EF668D /* Pods_Image_Cropper_Image_CropperUITests.framework */,
				DB4278336539B9E9C530B21D /* Pods_Image_CropperTests.framework */,
			);
			name = Frameworks;
			sourceTree = "<group>";
		};
		4F3DAAB3F96B9C263DE101C5 /* Pods */ = {
			isa = PBXGroup;
			children = (
				EE3C2665C3C0E6789404FE53 /* Pods-Image Cropper.debug.xcconfig */,
				210CBCB876468C62A3432C5E /* Pods-Image Cropper.release.xcconfig */,
				20AA9C27B406D7CDF6702174 /* Pods-Image Cropper-Image CropperUITests.debug.xcconfig */,
				476C3E7F10B1619A3043678E /* Pods-Image Cropper-Image CropperUITests.release.xcconfig */,
				E403BD5BE8C9DDD50F47E388 /* Pods-Image CropperTests.debug.xcconfig */,
				32B413E128F11607A7DA6F66 /* Pods-Image CropperTests.release.xcconfig */,
			);
			name = Pods;
			path = Pods;
			sourceTree = "<group>";
		};
		841979EE2460603B0086BB75 = {
			isa = PBXGroup;
			children = (
				841979F92460603B0086BB75 /* Image Cropper */,
				84197A132460603C0086BB75 /* Image CropperTests */,
				84197A1E2460603C0086BB75 /* Image CropperUITests */,
				841979F82460603B0086BB75 /* Products */,
				4F3DAAB3F96B9C263DE101C5 /* Pods */,
				3C4E31E0F2071F33DF2847B0 /* Frameworks */,
			);
			sourceTree = "<group>";
		};
		841979F82460603B0086BB75 /* Products */ = {
			isa = PBXGroup;
			children = (
				841979F72460603B0086BB75 /* Image Cropper.app */,
				84197A102460603C0086BB75 /* Image CropperTests.xctest */,
				84197A1B2460603C0086BB75 /* Image CropperUITests.xctest */,
			);
			name = Products;
			sourceTree = "<group>";
		};
		841979F92460603B0086BB75 /* Image Cropper */ = {
			isa = PBXGroup;
			children = (
				841979FA2460603B0086BB75 /* AppDelegate.swift */,
				841979FC2460603B0086BB75 /* SceneDelegate.swift */,
				841979FE2460603B0086BB75 /* ViewController.swift */,
				84197A002460603B0086BB75 /* Main.storyboard */,
				84197A062460603C0086BB75 /* Assets.xcassets */,
				84197A082460603C0086BB75 /* LaunchScreen.storyboard */,
				84197A0B2460603C0086BB75 /* Info.plist */,
				84197A032460603B0086BB75 /* Image_Cropper.xcdatamodeld */,
			);
			path = "Image Cropper";
			sourceTree = "<group>";
		};
		84197A132460603C0086BB75 /* Image CropperTests */ = {
			isa = PBXGroup;
			children = (
				84197A142460603C0086BB75 /* Image_CropperTests.swift */,
				84197A162460603C0086BB75 /* Info.plist */,
			);
			path = "Image CropperTests";
			sourceTree = "<group>";
		};
		84197A1E2460603C0086BB75 /* Image CropperUITests */ = {
			isa = PBXGroup;
			children = (
				84197A1F2460603C0086BB75 /* Image_CropperUITests.swift */,
				84197A212460603C0086BB75 /* Info.plist */,
			);
			path = "Image CropperUITests";
			sourceTree = "<group>";
		};
/* End PBXGroup section */

/* Begin PBXNativeTarget section */
		841979F62460603B0086BB75 /* Image Cropper */ = {
			isa = PBXNativeTarget;
			buildConfigurationList = 84197A242460603C0086BB75 /* Build configuration list for PBXNativeTarget "Image Cropper" */;
			buildPhases = (
				CA9539F3AD5D5D1F0B81C195 /* [CP] Check Pods Manifest.lock */,
				841979F32460603B0086BB75 /* Sources */,
				841979F42460603B0086BB75 /* Frameworks */,
				841979F52460603B0086BB75 /* Resources */,
				15D832CCA9566FE29B63569A /* [CP] Embed Pods Frameworks */,
			);
			buildRules = (
			);
			dependencies = (
			);
			name = "Image Cropper";
			productName = "Image Cropper";
			productReference = 841979F72460603B0086BB75 /* Image Cropper.app */;
			productType = "com.apple.product-type.application";
		};
		84197A0F2460603C0086BB75 /* Image CropperTests */ = {
			isa = PBXNativeTarget;
			buildConfigurationList = 84197A272460603C0086BB75 /* Build configuration list for PBXNativeTarget "Image CropperTests" */;
			buildPhases = (
				0AD3315E039C0BA873F8004E /* [CP] Check Pods Manifest.lock */,
				84197A0C2460603C0086BB75 /* Sources */,
				84197A0D2460603C0086BB75 /* Frameworks */,
				84197A0E2460603C0086BB75 /* Resources */,
			);
			buildRules = (
			);
			dependencies = (
				84197A122460603C0086BB75 /* PBXTargetDependency */,
			);
			name = "Image CropperTests";
			productName = "Image CropperTests";
			productReference = 84197A102460603C0086BB75 /* Image CropperTests.xctest */;
			productType = "com.apple.product-type.bundle.unit-test";
		};
		84197A1A2460603C0086BB75 /* Image CropperUITests */ = {
			isa = PBXNativeTarget;
			buildConfigurationList = 84197A2A2460603C0086BB75 /* Build configuration list for PBXNativeTarget "Image CropperUITests" */;
			buildPhases = (
				22AE3A78E39F8459D6FF0C97 /* [CP] Check Pods Manifest.lock */,
				84197A172460603C0086BB75 /* Sources */,
				84197A182460603C0086BB75 /* Frameworks */,
				84197A192460603C0086BB75 /* Resources */,
				58179EC43078118D02B37D82 /* [CP] Embed Pods Frameworks */,
			);
			buildRules = (
			);
			dependencies = (
				84197A1D2460603C0086BB75 /* PBXTargetDependency */,
			);
			name = "Image CropperUITests";
			productName = "Image CropperUITests";
			productReference = 84197A1B2460603C0086BB75 /* Image CropperUITests.xctest */;
			productType = "com.apple.product-type.bundle.ui-testing";
		};
/* End PBXNativeTarget section */

/* Begin PBXProject section */
		841979EF2460603B0086BB75 /* Project object */ = {
			isa = PBXProject;
			attributes = {
				LastSwiftUpdateCheck = 1130;
				LastUpgradeCheck = 1130;
				ORGANIZATIONNAME = "AM Kirsch";
				TargetAttributes = {
					841979F62460603B0086BB75 = {
						CreatedOnToolsVersion = 11.3.1;
					};
					84197A0F2460603C0086BB75 = {
						CreatedOnToolsVersion = 11.3.1;
						TestTargetID = 841979F62460603B0086BB75;
					};
					84197A1A2460603C0086BB75 = {
						CreatedOnToolsVersion = 11.3.1;
						TestTargetID = 841979F62460603B0086BB75;
					};
				};
			};
			buildConfigurationList = 841979F22460603B0086BB75 /* Build configuration list for PBXProject "Image Cropper" */;
			compatibilityVersion = "Xcode 9.3";
			developmentRegion = en;
			hasScannedForEncodings = 0;
			knownRegions = (
				en,
				Base,
			);
			mainGroup = 841979EE2460603B0086BB75;
			productRefGroup = 841979F82460603B0086BB75 /* Products */;
			projectDirPath = "";
			projectRoot = "";
			targets = (
				841979F62460603B0086BB75 /* Image Cropper */,
				84197A0F2460603C0086BB75 /* Image CropperTests */,
				84197A1A2460603C0086BB75 /* Image CropperUITests */,
			);
		};
/* End PBXProject section */

/* Begin PBXResourcesBuildPhase section */
		841979F52460603B0086BB75 /* Resources */ = {
			isa = PBXResourcesBuildPhase;
			buildActionMask = 2147483647;
			files = (
				84197A0A2460603C0086BB75 /* LaunchScreen.storyboard in Resources */,
				84197A072460603C0086BB75 /* Assets.xcassets in Resources */,
				84197A022460603B0086BB75 /* Main.storyboard in Resources */,
			);
			runOnlyForDeploymentPostprocessing = 0;
		};
		84197A0E2460603C0086BB75 /* Resources */ = {
			isa = PBXResourcesBuildPhase;
			buildActionMask = 2147483647;
			files = (
			);
			runOnlyForDeploymentPostprocessing = 0;
		};
		84197A192460603C0086BB75 /* Resources */ = {
			isa = PBXResourcesBuildPhase;
			buildActionMask = 2147483647;
			files = (
			);
			runOnlyForDeploymentPostprocessing = 0;
		};
/* End PBXResourcesBuildPhase section */

/* Begin PBXShellScriptBuildPhase section */
		0AD3315E039C0BA873F8004E /* [CP] Check Pods Manifest.lock */ = {
			isa = PBXShellScriptBuildPhase;
			buildActionMask = 2147483647;
			files = (
			);
			inputFileListPaths = (
			);
			inputPaths = (
				"${PODS_PODFILE_DIR_PATH}/Podfile.lock",
				"${PODS_ROOT}/Manifest.lock",
			);
			name = "[CP] Check Pods Manifest.lock";
			outputFileListPaths = (
			);
			outputPaths = (
				"$(DERIVED_FILE_DIR)/Pods-Image CropperTests-checkManifestLockResult.txt",
			);
			runOnlyForDeploymentPostprocessing = 0;
			shellPath = /bin/sh;
			shellScript = "diff \"${PODS_PODFILE_DIR_PATH}/Podfile.lock\" \"${PODS_ROOT}/Manifest.lock\" > /dev/null\nif [ $? != 0 ] ; then\n    # print error to STDERR\n    echo \"error: The sandbox is not in sync with the Podfile.lock. Run 'pod install' or update your CocoaPods installation.\" >&2\n    exit 1\nfi\n# This output is used by Xcode 'outputs' to avoid re-running this script phase.\necho \"SUCCESS\" > \"${SCRIPT_OUTPUT_FILE_0}\"\n";
			showEnvVarsInLog = 0;
		};
		15D832CCA9566FE29B63569A /* [CP] Embed Pods Frameworks */ = {
			isa = PBXShellScriptBuildPhase;
			buildActionMask = 2147483647;
			files = (
			);
			inputFileListPaths = (
				"${PODS_ROOT}/Target Support Files/Pods-Image Cropper/Pods-Image Cropper-frameworks-${CONFIGURATION}-input-files.xcfilelist",
			);
			name = "[CP] Embed Pods Frameworks";
			outputFileListPaths = (
				"${PODS_ROOT}/Target Support Files/Pods-Image Cropper/Pods-Image Cropper-frameworks-${CONFIGURATION}-output-files.xcfilelist",
			);
			runOnlyForDeploymentPostprocessing = 0;
			shellPath = /bin/sh;
			shellScript = "\"${PODS_ROOT}/Target Support Files/Pods-Image Cropper/Pods-Image Cropper-frameworks.sh\"\n";
			showEnvVarsInLog = 0;
		};
		22AE3A78E39F8459D6FF0C97 /* [CP] Check Pods Manifest.lock */ = {
			isa = PBXShellScriptBuildPhase;
			buildActionMask = 2147483647;
			files = (
			);
			inputFileListPaths = (
			);
			inputPaths = (
				"${PODS_PODFILE_DIR_PATH}/Podfile.lock",
				"${PODS_ROOT}/Manifest.lock",
			);
			name = "[CP] Check Pods Manifest.lock";
			outputFileListPaths = (
			);
			outputPaths = (
				"$(DERIVED_FILE_DIR)/Pods-Image Cropper-Image CropperUITests-checkManifestLockResult.txt",
			);
			runOnlyForDeploymentPostprocessing = 0;
			shellPath = /bin/sh;
			shellScript = "diff \"${PODS_PODFILE_DIR_PATH}/Podfile.lock\" \"${PODS_ROOT}/Manifest.lock\" > /dev/null\nif [ $? != 0 ] ; then\n    # print error to STDERR\n    echo \"error: The sandbox is not in sync with the Podfile.lock. Run 'pod install' or update your CocoaPods installation.\" >&2\n    exit 1\nfi\n# This output is used by Xcode 'outputs' to avoid re-running this script phase.\necho \"SUCCESS\" > \"${SCRIPT_OUTPUT_FILE_0}\"\n";
			showEnvVarsInLog = 0;
		};
		58179EC43078118D02B37D82 /* [CP] Embed Pods Frameworks */ = {
			isa = PBXShellScriptBuildPhase;
			buildActionMask = 2147483647;
			files = (
			);
			inputFileListPaths = (
				"${PODS_ROOT}/Target Support Files/Pods-Image Cropper-Image CropperUITests/Pods-Image Cropper-Image CropperUITests-frameworks-${CONFIGURATION}-input-files.xcfilelist",
			);
			name = "[CP] Embed Pods Frameworks";
			outputFileListPaths = (
				"${PODS_ROOT}/Target Support Files/Pods-Image Cropper-Image CropperUITests/Pods-Image Cropper-Image CropperUITests-frameworks-${CONFIGURATION}-output-files.xcfilelist",
			);
			runOnlyForDeploymentPostprocessing = 0;
			shellPath = /bin/sh;
			shellScript = "\"${PODS_ROOT}/Target Support Files/Pods-Image Cropper-Image CropperUITests/Pods-Image Cropper-Image CropperUITests-frameworks.sh\"\n";
			showEnvVarsInLog = 0;
		};
		CA9539F3AD5D5D1F0B81C195 /* [CP] Check Pods Manifest.lock */ = {
			isa = PBXShellScriptBuildPhase;
			buildActionMask = 2147483647;
			files = (
			);
			inputFileListPaths = (
			);
			inputPaths = (
				"${PODS_PODFILE_DIR_PATH}/Podfile.lock",
				"${PODS_ROOT}/Manifest.lock",
			);
			name = "[CP] Check Pods Manifest.lock";
			outputFileListPaths = (
			);
			outputPaths = (
				"$(DERIVED_FILE_DIR)/Pods-Image Cropper-checkManifestLockResult.txt",
			);
			runOnlyForDeploymentPostprocessing = 0;
			shellPath = /bin/sh;
			shellScript = "diff \"${PODS_PODFILE_DIR_PATH}/Podfile.lock\" \"${PODS_ROOT}/Manifest.lock\" > /dev/null\nif [ $? != 0 ] ; then\n    # print error to STDERR\n    echo \"error: The sandbox is not in sync with the Podfile.lock. Run 'pod install' or update your CocoaPods installation.\" >&2\n    exit 1\nfi\n# This output is used by Xcode 'outputs' to avoid re-running this script phase.\necho \"SUCCESS\" > \"${SCRIPT_OUTPUT_FILE_0}\"\n";
			showEnvVarsInLog = 0;
		};
/* End PBXShellScriptBuildPhase section */

/* Begin PBXSourcesBuildPhase section */
		841979F32460603B0086BB75 /* Sources */ = {
			isa = PBXSourcesBuildPhase;
			buildActionMask = 2147483647;
			files = (
				841979FF2460603B0086BB75 /* ViewController.swift in Sources */,
				841979FB2460603B0086BB75 /* AppDelegate.swift in Sources */,
				841979FD2460603B0086BB75 /* SceneDelegate.swift in Sources */,
				84197A052460603B0086BB75 /* Image_Cropper.xcdatamodeld in Sources */,
			);
			runOnlyForDeploymentPostprocessing = 0;
		};
		84197A0C2460603C0086BB75 /* Sources */ = {
			isa = PBXSourcesBuildPhase;
			buildActionMask = 2147483647;
			files = (
				84197A152460603C0086BB75 /* Image_CropperTests.swift in Sources */,
			);
			runOnlyForDeploymentPostprocessing = 0;
		};
		84197A172460603C0086BB75 /* Sources */ = {
			isa = PBXSourcesBuildPhase;
			buildActionMask = 2147483647;
			files = (
				84197A202460603C0086BB75 /* Image_CropperUITests.swift in Sources */,
			);
			runOnlyForDeploymentPostprocessing = 0;
		};
/* End PBXSourcesBuildPhase section */

/* Begin PBXTargetDependency section */
		84197A122460603C0086BB75 /* PBXTargetDependency */ = {
			isa = PBXTargetDependency;
			target = 841979F62460603B0086BB75 /* Image Cropper */;
			targetProxy = 84197A112460603C0086BB75 /* PBXContainerItemProxy */;
		};
		84197A1D2460603C0086BB75 /* PBXTargetDependency */ = {
			isa = PBXTargetDependency;
			target = 841979F62460603B0086BB75 /* Image Cropper */;
			targetProxy = 84197A1C2460603C0086BB75 /* PBXContainerItemProxy */;
		};
/* End PBXTargetDependency section */

/* Begin PBXVariantGroup section */
		84197A002460603B0086BB75 /* Main.storyboard */ = {
			isa = PBXVariantGroup;
			children = (
				84197A012460603B0086BB75 /* Base */,
			);
			name = Main.storyboard;
			sourceTree = "<group>";
		};
		84197A082460603C0086BB75 /* LaunchScreen.storyboard */ = {
			isa = PBXVariantGroup;
			children = (
				84197A092460603C0086BB75 /* Base */,
			);
			name = LaunchScreen.storyboard;
			sourceTree = "<group>";
		};
/* End PBXVariantGroup section */

/* Begin XCBuildConfiguration section */
		84197A222460603C0086BB75 /* Debug */ = {
			isa = XCBuildConfiguration;
			buildSettings = {
				ALWAYS_SEARCH_USER_PATHS = NO;
				CLANG_ANALYZER_NONNULL = YES;
				CLANG_ANALYZER_NUMBER_OBJECT_CONVERSION = YES_AGGRESSIVE;
				CLANG_CXX_LANGUAGE_STANDARD = "gnu++14";
				CLANG_CXX_LIBRARY = "libc++";
				CLANG_ENABLE_MODULES = YES;
				CLANG_ENABLE_OBJC_ARC = YES;
				CLANG_ENABLE_OBJC_WEAK = YES;
				CLANG_WARN_BLOCK_CAPTURE_AUTORELEASING = YES;
				CLANG_WARN_BOOL_CONVERSION = YES;
				CLANG_WARN_COMMA = YES;
				CLANG_WARN_CONSTANT_CONVERSION = YES;
				CLANG_WARN_DEPRECATED_OBJC_IMPLEMENTATIONS = YES;
				CLANG_WARN_DIRECT_OBJC_ISA_USAGE = YES_ERROR;
				CLANG_WARN_DOCUMENTATION_COMMENTS = YES;
				CLANG_WARN_EMPTY_BODY = YES;
				CLANG_WARN_ENUM_CONVERSION = YES;
				CLANG_WARN_INFINITE_RECURSION = YES;
				CLANG_WARN_INT_CONVERSION = YES;
				CLANG_WARN_NON_LITERAL_NULL_CONVERSION = YES;
				CLANG_WARN_OBJC_IMPLICIT_RETAIN_SELF = YES;
				CLANG_WARN_OBJC_LITERAL_CONVERSION = YES;
				CLANG_WARN_OBJC_ROOT_CLASS = YES_ERROR;
				CLANG_WARN_RANGE_LOOP_ANALYSIS = YES;
				CLANG_WARN_STRICT_PROTOTYPES = YES;
				CLANG_WARN_SUSPICIOUS_MOVE = YES;
				CLANG_WARN_UNGUARDED_AVAILABILITY = YES_AGGRESSIVE;
				CLANG_WARN_UNREACHABLE_CODE = YES;
				CLANG_WARN__DUPLICATE_METHOD_MATCH = YES;
				COPY_PHASE_STRIP = NO;
				DEBUG_INFORMATION_FORMAT = dwarf;
				ENABLE_STRICT_OBJC_MSGSEND = YES;
				ENABLE_TESTABILITY = YES;
				GCC_C_LANGUAGE_STANDARD = gnu11;
				GCC_DYNAMIC_NO_PIC = NO;
				GCC_NO_COMMON_BLOCKS = YES;
				GCC_OPTIMIZATION_LEVEL = 0;
				GCC_PREPROCESSOR_DEFINITIONS = (
					"DEBUG=1",
					"$(inherited)",
				);
				GCC_WARN_64_TO_32_BIT_CONVERSION = YES;
				GCC_WARN_ABOUT_RETURN_TYPE = YES_ERROR;
				GCC_WARN_UNDECLARED_SELECTOR = YES;
				GCC_WARN_UNINITIALIZED_AUTOS = YES_AGGRESSIVE;
				GCC_WARN_UNUSED_FUNCTION = YES;
				GCC_WARN_UNUSED_VARIABLE = YES;
				IPHONEOS_DEPLOYMENT_TARGET = 13.2;
				MTL_ENABLE_DEBUG_INFO = INCLUDE_SOURCE;
				MTL_FAST_MATH = YES;
				ONLY_ACTIVE_ARCH = YES;
				SDKROOT = iphoneos;
				SWIFT_ACTIVE_COMPILATION_CONDITIONS = DEBUG;
				SWIFT_OPTIMIZATION_LEVEL = "-Onone";
			};
			name = Debug;
		};
		84197A232460603C0086BB75 /* Release */ = {
			isa = XCBuildConfiguration;
			buildSettings = {
				ALWAYS_SEARCH_USER_PATHS = NO;
				CLANG_ANALYZER_NONNULL = YES;
				CLANG_ANALYZER_NUMBER_OBJECT_CONVERSION = YES_AGGRESSIVE;
				CLANG_CXX_LANGUAGE_STANDARD = "gnu++14";
				CLANG_CXX_LIBRARY = "libc++";
				CLANG_ENABLE_MODULES = YES;
				CLANG_ENABLE_OBJC_ARC = YES;
				CLANG_ENABLE_OBJC_WEAK = YES;
				CLANG_WARN_BLOCK_CAPTURE_AUTORELEASING = YES;
				CLANG_WARN_BOOL_CONVERSION = YES;
				CLANG_WARN_COMMA = YES;
				CLANG_WARN_CONSTANT_CONVERSION = YES;
				CLANG_WARN_DEPRECATED_OBJC_IMPLEMENTATIONS = YES;
				CLANG_WARN_DIRECT_OBJC_ISA_USAGE = YES_ERROR;
				CLANG_WARN_DOCUMENTATION_COMMENTS = YES;
				CLANG_WARN_EMPTY_BODY = YES;
				CLANG_WARN_ENUM_CONVERSION = YES;
				CLANG_WARN_INFINITE_RECURSION = YES;
				CLANG_WARN_INT_CONVERSION = YES;
				CLANG_WARN_NON_LITERAL_NULL_CONVERSION = YES;
				CLANG_WARN_OBJC_IMPLICIT_RETAIN_SELF = YES;
				CLANG_WARN_OBJC_LITERAL_CONVERSION = YES;
				CLANG_WARN_OBJC_ROOT_CLASS = YES_ERROR;
				CLANG_WARN_RANGE_LOOP_ANALYSIS = YES;
				CLANG_WARN_STRICT_PROTOTYPES = YES;
				CLANG_WARN_SUSPICIOUS_MOVE = YES;
				CLANG_WARN_UNGUARDED_AVAILABILITY = YES_AGGRESSIVE;
				CLANG_WARN_UNREACHABLE_CODE = YES;
				CLANG_WARN__DUPLICATE_METHOD_MATCH = YES;
				COPY_PHASE_STRIP = NO;
				DEBUG_INFORMATION_FORMAT = "dwarf-with-dsym";
				ENABLE_NS_ASSERTIONS = NO;
				ENABLE_STRICT_OBJC_MSGSEND = YES;
				GCC_C_LANGUAGE_STANDARD = gnu11;
				GCC_NO_COMMON_BLOCKS = YES;
				GCC_WARN_64_TO_32_BIT_CONVERSION = YES;
				GCC_WARN_ABOUT_RETURN_TYPE = YES_ERROR;
				GCC_WARN_UNDECLARED_SELECTOR = YES;
				GCC_WARN_UNINITIALIZED_AUTOS = YES_AGGRESSIVE;
				GCC_WARN_UNUSED_FUNCTION = YES;
				GCC_WARN_UNUSED_VARIABLE = YES;
				IPHONEOS_DEPLOYMENT_TARGET = 13.2;
				MTL_ENABLE_DEBUG_INFO = NO;
				MTL_FAST_MATH = YES;
				SDKROOT = iphoneos;
				SWIFT_COMPILATION_MODE = wholemodule;
				SWIFT_OPTIMIZATION_LEVEL = "-O";
				VALIDATE_PRODUCT = YES;
			};
			name = Release;
		};
		84197A252460603C0086BB75 /* Debug */ = {
			isa = XCBuildConfiguration;
			baseConfigurationReference = EE3C2665C3C0E6789404FE53 /* Pods-Image Cropper.debug.xcconfig */;
			buildSettings = {
				ASSETCATALOG_COMPILER_APPICON_NAME = AppIcon;
				CODE_SIGN_STYLE = Automatic;
				INFOPLIST_FILE = "Image Cropper/Info.plist";
				LD_RUNPATH_SEARCH_PATHS = (
					"$(inherited)",
					"@executable_path/Frameworks",
				);
				PRODUCT_BUNDLE_IDENTIFIER = "com.amkirsch.Image-Cropper";
				PRODUCT_NAME = "$(TARGET_NAME)";
				SWIFT_VERSION = 5.0;
				TARGETED_DEVICE_FAMILY = "1,2";
			};
			name = Debug;
		};
		84197A262460603C0086BB75 /* Release */ = {
			isa = XCBuildConfiguration;
			baseConfigurationReference = 210CBCB876468C62A3432C5E /* Pods-Image Cropper.release.xcconfig */;
			buildSettings = {
				ASSETCATALOG_COMPILER_APPICON_NAME = AppIcon;
				CODE_SIGN_STYLE = Automatic;
				INFOPLIST_FILE = "Image Cropper/Info.plist";
				LD_RUNPATH_SEARCH_PATHS = (
					"$(inherited)",
					"@executable_path/Frameworks",
				);
				PRODUCT_BUNDLE_IDENTIFIER = "com.amkirsch.Image-Cropper";
				PRODUCT_NAME = "$(TARGET_NAME)";
				SWIFT_VERSION = 5.0;
				TARGETED_DEVICE_FAMILY = "1,2";
			};
			name = Release;
		};
		84197A282460603C0086BB75 /* Debug */ = {
			isa = XCBuildConfiguration;
			baseConfigurationReference = E403BD5BE8C9DDD50F47E388 /* Pods-Image CropperTests.debug.xcconfig */;
			buildSettings = {
				ALWAYS_EMBED_SWIFT_STANDARD_LIBRARIES = YES;
				BUNDLE_LOADER = "$(TEST_HOST)";
				CODE_SIGN_STYLE = Automatic;
				INFOPLIST_FILE = "Image CropperTests/Info.plist";
				IPHONEOS_DEPLOYMENT_TARGET = 13.2;
				LD_RUNPATH_SEARCH_PATHS = (
					"$(inherited)",
					"@executable_path/Frameworks",
					"@loader_path/Frameworks",
				);
				PRODUCT_BUNDLE_IDENTIFIER = "com.amkirsch.Image-CropperTests";
				PRODUCT_NAME = "$(TARGET_NAME)";
				SWIFT_VERSION = 5.0;
				TARGETED_DEVICE_FAMILY = "1,2";
				TEST_HOST = "$(BUILT_PRODUCTS_DIR)/Image Cropper.app/Image Cropper";
			};
			name = Debug;
		};
		84197A292460603C0086BB75 /* Release */ = {
			isa = XCBuildConfiguration;
			baseConfigurationReference = 32B413E128F11607A7DA6F66 /* Pods-Image CropperTests.release.xcconfig */;
			buildSettings = {
				ALWAYS_EMBED_SWIFT_STANDARD_LIBRARIES = YES;
				BUNDLE_LOADER = "$(TEST_HOST)";
				CODE_SIGN_STYLE = Automatic;
				INFOPLIST_FILE = "Image CropperTests/Info.plist";
				IPHONEOS_DEPLOYMENT_TARGET = 13.2;
				LD_RUNPATH_SEARCH_PATHS = (
					"$(inherited)",
					"@executable_path/Frameworks",
					"@loader_path/Frameworks",
				);
				PRODUCT_BUNDLE_IDENTIFIER = "com.amkirsch.Image-CropperTests";
				PRODUCT_NAME = "$(TARGET_NAME)";
				SWIFT_VERSION = 5.0;
				TARGETED_DEVICE_FAMILY = "1,2";
				TEST_HOST = "$(BUILT_PRODUCTS_DIR)/Image Cropper.app/Image Cropper";
			};
			name = Release;
		};
		84197A2B2460603C0086BB75 /* Debug */ = {
			isa = XCBuildConfiguration;
			baseConfigurationReference = 20AA9C27B406D7CDF6702174 /* Pods-Image Cropper-Image CropperUITests.debug.xcconfig */;
			buildSettings = {
				ALWAYS_EMBED_SWIFT_STANDARD_LIBRARIES = YES;
				CODE_SIGN_STYLE = Automatic;
				INFOPLIST_FILE = "Image CropperUITests/Info.plist";
				LD_RUNPATH_SEARCH_PATHS = (
					"$(inherited)",
					"@executable_path/Frameworks",
					"@loader_path/Frameworks",
				);
				PRODUCT_BUNDLE_IDENTIFIER = "com.amkirsch.Image-CropperUITests";
				PRODUCT_NAME = "$(TARGET_NAME)";
				SWIFT_VERSION = 5.0;
				TARGETED_DEVICE_FAMILY = "1,2";
				TEST_TARGET_NAME = "Image Cropper";
			};
			name = Debug;
		};
		84197A2C2460603C0086BB75 /* Release */ = {
			isa = XCBuildConfiguration;
			baseConfigurationReference = 476C3E7F10B1619A3043678E /* Pods-Image Cropper-Image CropperUITests.release.xcconfig */;
			buildSettings = {
				ALWAYS_EMBED_SWIFT_STANDARD_LIBRARIES = YES;
				CODE_SIGN_STYLE = Automatic;
				INFOPLIST_FILE = "Image CropperUITests/Info.plist";
				LD_RUNPATH_SEARCH_PATHS = (
					"$(inherited)",
					"@executable_path/Frameworks",
					"@loader_path/Frameworks",
				);
				PRODUCT_BUNDLE_IDENTIFIER = "com.amkirsch.Image-CropperUITests";
				PRODUCT_NAME = "$(TARGET_NAME)";
				SWIFT_VERSION = 5.0;
				TARGETED_DEVICE_FAMILY = "1,2";
				TEST_TARGET_NAME = "Image Cropper";
			};
			name = Release;
		};
/* End XCBuildConfiguration section */

/* Begin XCConfigurationList section */
		841979F22460603B0086BB75 /* Build configuration list for PBXProject "Image Cropper" */ = {
			isa = XCConfigurationList;
			buildConfigurations = (
				84197A222460603C0086BB75 /* Debug */,
				84197A232460603C0086BB75 /* Release */,
			);
			defaultConfigurationIsVisible = 0;
			defaultConfigurationName = Release;
		};
		84197A242460603C0086BB75 /* Build configuration list for PBXNativeTarget "Image Cropper" */ = {
			isa = XCConfigurationList;
			buildConfigurations = (
				84197A252460603C0086BB75 /* Debug */,
				84197A262460603C0086BB75 /* Release */,
			);
			defaultConfigurationIsVisible = 0;
			defaultConfigurationName = Release;
		};
		84197A272460603C0086BB75 /* Build configuration list for PBXNativeTarget "Image CropperTests" */ = {
			isa = XCConfigurationList;
			buildConfigurations = (
				84197A282460603C0086BB75 /* Debug */,
				84197A292460603C0086BB75 /* Release */,
			);
			defaultConfigurationIsVisible = 0;
			defaultConfigurationName = Release;
		};
		84197A2A2460603C0086BB75 /* Build configuration list for PBXNativeTarget "Image CropperUITests" */ = {
			isa = XCConfigurationList;
			buildConfigurations = (
				84197A2B2460603C0086BB75 /* Debug */,
				84197A2C2460603C0086BB75 /* Release */,
			);
			defaultConfigurationIsVisible = 0;
			defaultConfigurationName = Release;
		};
/* End XCConfigurationList section */

/* Begin XCVersionGroup section */
		84197A032460603B0086BB75 /* Image_Cropper.xcdatamodeld */ = {
			isa = XCVersionGroup;
			children = (
				84197A042460603B0086BB75 /* Image_Cropper.xcdatamodel */,
			);
			currentVersion = 84197A042460603B0086BB75 /* Image_Cropper.xcdatamodel */;
			path = Image_Cropper.xcdatamodeld;
			sourceTree = "<group>";
			versionGroupType = wrapper.xcdatamodel;
		};
/* End XCVersionGroup section */
	};
	rootObject = 841979EF2460603B0086BB75 /* Project object */;
}
